preprocess:
  cmd: python -m spacy run preprocess
  script:
    - python scripts/preprocess.py assets/train.jsonl corpus/train.spacy
    - python scripts/preprocess.py assets/dev.jsonl corpus/dev.spacy
  deps:
    - path: assets/train.jsonl
      md5: 4e1683fb9b612dd7ed1b237bb1d19988
    - path: assets/dev.jsonl
      md5: 0f2cd61fe28895f662f260b6ad2cf730
    - path: scripts/preprocess.py
      md5: 1b2e0c649aaf6810cec31ac81a9c4e10
  outs:
    - path: corpus/train.spacy
      md5: a7f50ece194239bd4bc3f5c75e99fb07
    - path: corpus/dev.spacy
      md5: f58338b13bb7c8a46266827c583b9e88
  spacy_version: 3.3.1
  spacy_git_version: 5fb597f77
train:
  cmd: python -m spacy run train
  script:
    - python -m spacy train configs/config.cfg --output training/ --paths.train corpus/train.spacy
      --paths.dev corpus/dev.spacy --gpu-id 0
  deps:
    - path: corpus/train.spacy
      md5: a7f50ece194239bd4bc3f5c75e99fb07
    - path: corpus/dev.spacy
      md5: f58338b13bb7c8a46266827c583b9e88
    - path: configs/config.cfg
      md5: 305bed21e4104550a2a823274f675ecb
  outs:
    - path: training/model-best
      md5: 22d1ea9a34b3190e2a3548b9c8e5bde7
  spacy_version: 3.3.1
  spacy_git_version: 5fb597f77
evaluate:
  cmd: python -m spacy run evaluate
  script:
    - python -m spacy evaluate training/model-best corpus/dev.spacy --output training/metrics.json
      --gpu-id 0
  deps:
    - path: corpus/dev.spacy
      md5: f58338b13bb7c8a46266827c583b9e88
    - path: training/model-best
      md5: 22d1ea9a34b3190e2a3548b9c8e5bde7
  outs:
    - path: training/metrics.json
      md5: 85e2482bcc0dbb0412ce01529ec12408
  spacy_version: 3.3.1
  spacy_git_version: 5fb597f77
